PODS:
  - Crashlytics (3.12.0):
    - Fabric (~> 1.9.0)
  - Fabric (1.9.0)
  - Firebase/Analytics (6.13.0):
    - Firebase/Core
  - Firebase/Core (6.13.0):
    - Firebase/CoreOnly
    - FirebaseAnalytics (= 6.1.6)
  - Firebase/CoreOnly (6.13.0):
    - FirebaseCore (= 6.4.0)
  - FirebaseAnalytics (6.1.6):
    - FirebaseCore (~> 6.4)
    - FirebaseInstanceID (~> 4.2)
    - GoogleAppMeasurement (= 6.1.6)
    - GoogleUtilities/AppDelegateSwizzler (~> 6.0)
    - GoogleUtilities/MethodSwizzler (~> 6.0)
    - GoogleUtilities/Network (~> 6.0)
    - "GoogleUtilities/NSData+zlib (~> 6.0)"
    - nanopb (= 0.3.9011)
  - FirebaseCore (6.4.0):
    - FirebaseCoreDiagnostics (~> 1.0)
    - FirebaseCoreDiagnosticsInterop (~> 1.0)
    - GoogleUtilities/Environment (~> 6.2)
    - GoogleUtilities/Logger (~> 6.2)
  - FirebaseCoreDiagnostics (1.1.2):
    - FirebaseCoreDiagnosticsInterop (~> 1.0)
    - GoogleDataTransportCCTSupport (~> 1.0)
    - GoogleUtilities/Environment (~> 6.2)
    - GoogleUtilities/Logger (~> 6.2)
    - nanopb (~> 0.3.901)
  - FirebaseCoreDiagnosticsInterop (1.1.0)
  - FirebaseInstanceID (4.2.7):
    - FirebaseCore (~> 6.0)
    - GoogleUtilities/Environment (~> 6.0)
    - GoogleUtilities/UserDefaults (~> 6.0)
  - GoogleAppMeasurement (6.1.6):
    - GoogleUtilities/AppDelegateSwizzler (~> 6.0)
    - GoogleUtilities/MethodSwizzler (~> 6.0)
    - GoogleUtilities/Network (~> 6.0)
    - "GoogleUtilities/NSData+zlib (~> 6.0)"
    - nanopb (= 0.3.9011)
  - GoogleDataTransport (3.2.0)
  - GoogleDataTransportCCTSupport (1.2.2):
    - GoogleDataTransport (~> 3.2)
    - nanopb (~> 0.3.901)
  - GoogleUtilities/AppDelegateSwizzler (6.3.2):
    - GoogleUtilities/Environment
    - GoogleUtilities/Logger
    - GoogleUtilities/Network
  - GoogleUtilities/Environment (6.3.2)
  - GoogleUtilities/Logger (6.3.2):
    - GoogleUtilities/Environment
  - GoogleUtilities/MethodSwizzler (6.3.2):
    - GoogleUtilities/Logger
  - GoogleUtilities/Network (6.3.2):
    - GoogleUtilities/Logger
    - "GoogleUtilities/NSData+zlib"
    - GoogleUtilities/Reachability
  - "GoogleUtilities/NSData+zlib (6.3.2)"
  - GoogleUtilities/Reachability (6.3.2):
    - GoogleUtilities/Logger
  - GoogleUtilities/UserDefaults (6.3.2):
    - GoogleUtilities/Logger
  - LicensePlist (2.5.0)
  - nanopb (0.3.9011):
    - nanopb/decode (= 0.3.9011)
    - nanopb/encode (= 0.3.9011)
  - nanopb/decode (0.3.9011)
  - nanopb/encode (0.3.9011)
  - Nimble (8.0.1)
  - Quick (2.1.0)
  - Reusable (4.1.0):
    - Reusable/Storyboard (= 4.1.0)
    - Reusable/View (= 4.1.0)
  - Reusable/Storyboard (4.1.0)
  - Reusable/View (4.1.0)
  - SideMenu (5.0.3)

DEPENDENCIES:
  - Crashlytics
  - Fabric
  - Firebase/Analytics
  - LicensePlist
  - Nimble
  - Quick
  - Reusable
  - SideMenu

SPEC REPOS:
  https://github.com/CocoaPods/Specs.git:
    - Crashlytics
    - Fabric
    - LicensePlist
    - Nimble
    - Quick
    - SideMenu
  trunk:
    - Firebase
    - FirebaseAnalytics
    - FirebaseCore
    - FirebaseCoreDiagnostics
    - FirebaseCoreDiagnosticsInterop
    - FirebaseInstanceID
    - GoogleAppMeasurement
    - GoogleDataTransport
    - GoogleDataTransportCCTSupport
    - GoogleUtilities
    - nanopb
    - Reusable

SPEC CHECKSUMS:
  Crashlytics: 07fb167b1694128c1c9a5a5cc319b0e9c3ca0933
  Fabric: f988e33c97f08930a413e08123064d2e5f68d655
  Firebase: 458d109512200d1aca2e1b9b6cf7d68a869a4a46
  FirebaseAnalytics: 45f36d9c429fc91d206283900ab75390cd05ee8a
  FirebaseCore: 307ea2508df730c5865334e41965bd9ea344b0e5
  FirebaseCoreDiagnostics: 511f4f3ed7d440bb69127e8b97c2bc8befae639e
  FirebaseCoreDiagnosticsInterop: e9b1b023157e3a2fc6418b5cb601e79b9af7b3a0
  FirebaseInstanceID: ebd2ea79ee38db0cb5f5167b17a0d387e1cc7b6e
  GoogleAppMeasurement: dfe55efa543e899d906309eaaac6ca26d249862f
  GoogleDataTransport: 8e9b210c97d55fbff306cc5468ff91b9cb32dcf5
  GoogleDataTransportCCTSupport: ef79a4728b864946a8aafdbab770d5294faf3b5f
  GoogleUtilities: 547a86735c6f0ee30ad17e94df4fc21f616b71cb
  LicensePlist: e5f8f2e3465620e53ec4c669955a5a7d0692b9cb
  nanopb: 18003b5e52dab79db540fe93fe9579f399bd1ccd
  Nimble: 45f786ae66faa9a709624227fae502db55a8bdd0
  Quick: 4be43f6634acfa727dd106bdf3929ce125ffa79d
  Reusable: 82be188f29d96dc5eff0db7b2393bcc08d2cdd5b
  SideMenu: 1dcaabce84538c53325c287f7fe62999379a641c

PODFILE CHECKSUM: 7fecacb08eea599435158535674ff8a6017a007e

COCOAPODS: 1.8.4
