// !$*UTF8*$!
{
	archiveVersion = 1;
	classes = {
	};
	objectVersion = 51;
	objects = {

/* Begin PBXBuildFile section */
		0D8497ECAC64B22DDDC05A24 /* Pods_ScrumPokerUITests.framework in Frameworks */ = {isa = PBXBuildFile; fileRef = B154F40C6896866DEB3C9F20 /* Pods_ScrumPokerUITests.framework */; };
		17367E1EDA1D59A34E5FFF82 /* Pods_ScrumPokerTests.framework in Frameworks */ = {isa = PBXBuildFile; fileRef = D60D7BE0EEBAC84ABCB9A443 /* Pods_ScrumPokerTests.framework */; };
		65982F83EE22C95E29C64909 /* Pods_ScrumPoker.framework in Frameworks */ = {isa = PBXBuildFile; fileRef = E23AF0C7CDB0F1D10A83B457 /* Pods_ScrumPoker.framework */; };
		E215EDAB23A552790077FFE7 /* FirebaseAnalyticsEngine.swift in Sources */ = {isa = PBXBuildFile; fileRef = E215EDAA23A552790077FFE7 /* FirebaseAnalyticsEngine.swift */; };
		E215EDB423A564140077FFE7 /* Settings.bundle in Resources */ = {isa = PBXBuildFile; fileRef = E215EDB323A564140077FFE7 /* Settings.bundle */; };
		E23288A122744D5300A94F15 /* MainCoordinator.swift in Sources */ = {isa = PBXBuildFile; fileRef = E23288A022744D5300A94F15 /* MainCoordinator.swift */; };
		E23288A522744D7B00A94F15 /* UIStoryboard.swift in Sources */ = {isa = PBXBuildFile; fileRef = E23288A422744D7B00A94F15 /* UIStoryboard.swift */; };
		E23288AA22744E3300A94F15 /* DeckViewModel.swift in Sources */ = {isa = PBXBuildFile; fileRef = E23288A922744E3300A94F15 /* DeckViewModel.swift */; };
		E23288AD2274507700A94F15 /* CardCell.xib in Resources */ = {isa = PBXBuildFile; fileRef = E23288AC2274507700A94F15 /* CardCell.xib */; };
		E23288AF2274508900A94F15 /* CardCell.swift in Sources */ = {isa = PBXBuildFile; fileRef = E23288AE2274508900A94F15 /* CardCell.swift */; };
		E23288B8227460F900A94F15 /* Card.swift in Sources */ = {isa = PBXBuildFile; fileRef = E23288B7227460F900A94F15 /* Card.swift */; };
		E23288BA22748FAA00A94F15 /* DeckLayout.swift in Sources */ = {isa = PBXBuildFile; fileRef = E23288B922748FAA00A94F15 /* DeckLayout.swift */; };
		E242E06A22743EBC00C28204 /* AppDelegate.swift in Sources */ = {isa = PBXBuildFile; fileRef = E242E06922743EBC00C28204 /* AppDelegate.swift */; };
		E242E06C22743EBC00C28204 /* DeckViewController.swift in Sources */ = {isa = PBXBuildFile; fileRef = E242E06B22743EBC00C28204 /* DeckViewController.swift */; };
		E242E06F22743EBC00C28204 /* Main.storyboard in Resources */ = {isa = PBXBuildFile; fileRef = E242E06D22743EBC00C28204 /* Main.storyboard */; };
		E242E07122743EBD00C28204 /* Assets.xcassets in Resources */ = {isa = PBXBuildFile; fileRef = E242E07022743EBD00C28204 /* Assets.xcassets */; };
		E242E07422743EBD00C28204 /* LaunchScreen.storyboard in Resources */ = {isa = PBXBuildFile; fileRef = E242E07222743EBD00C28204 /* LaunchScreen.storyboard */; };
		E242E07F22743EBE00C28204 /* ScrumPokerTests.swift in Sources */ = {isa = PBXBuildFile; fileRef = E242E07E22743EBE00C28204 /* ScrumPokerTests.swift */; };
		E242E08A22743EBE00C28204 /* ScrumPokerUITests.swift in Sources */ = {isa = PBXBuildFile; fileRef = E242E08922743EBE00C28204 /* ScrumPokerUITests.swift */; };
		E265D99C239BD1EA005F02A1 /* TableRowType.swift in Sources */ = {isa = PBXBuildFile; fileRef = E265D99B239BD1EA005F02A1 /* TableRowType.swift */; };
		E265D99E239BDF07005F02A1 /* CardViewController.swift in Sources */ = {isa = PBXBuildFile; fileRef = E265D99D239BDF07005F02A1 /* CardViewController.swift */; };
		E265D9A0239BDF73005F02A1 /* CardViewModel.swift in Sources */ = {isa = PBXBuildFile; fileRef = E265D99F239BDF73005F02A1 /* CardViewModel.swift */; };
		E266CE9D2276CDF2003451F6 /* Deck.swift in Sources */ = {isa = PBXBuildFile; fileRef = E266CE9C2276CDF2003451F6 /* Deck.swift */; };
		E26BFEDF239AA6CF00264688 /* TableSectionSelectionType.swift in Sources */ = {isa = PBXBuildFile; fileRef = E26BFEDE239AA6CF00264688 /* TableSectionSelectionType.swift */; };
		E26BFEE1239AA73D00264688 /* DeckRowViewModel.swift in Sources */ = {isa = PBXBuildFile; fileRef = E26BFEE0239AA73D00264688 /* DeckRowViewModel.swift */; };
		E26BFEE3239AA83300264688 /* PreferenceBoolRowViewModel.swift in Sources */ = {isa = PBXBuildFile; fileRef = E26BFEE2239AA83300264688 /* PreferenceBoolRowViewModel.swift */; };
		E26BFEE5239AA9BD00264688 /* MenuSectionViewModel.swift in Sources */ = {isa = PBXBuildFile; fileRef = E26BFEE4239AA9BD00264688 /* MenuSectionViewModel.swift */; };
		E26BFEE7239AAA0100264688 /* ActionRowViewModel.swift in Sources */ = {isa = PBXBuildFile; fileRef = E26BFEE6239AAA0100264688 /* ActionRowViewModel.swift */; };
		E26C738523A50F770034B6D6 /* CardDesign.swift in Sources */ = {isa = PBXBuildFile; fileRef = E26C738423A50F770034B6D6 /* CardDesign.swift */; };
		E26C738723A53F5D0034B6D6 /* ViewControllerAlertable.swift in Sources */ = {isa = PBXBuildFile; fileRef = E26C738623A53F5D0034B6D6 /* ViewControllerAlertable.swift */; };
		E26C738923A54E160034B6D6 /* GoogleService-Info.plist in Resources */ = {isa = PBXBuildFile; fileRef = E26C738823A54E160034B6D6 /* GoogleService-Info.plist */; };
		E28E88D5227767F100DFF021 /* Preference.swift in Sources */ = {isa = PBXBuildFile; fileRef = E28E88D4227767F100DFF021 /* Preference.swift */; };
		E29BD3C3239E9566006355F2 /* CardFrontDesignView.swift in Sources */ = {isa = PBXBuildFile; fileRef = E29BD3C2239E9566006355F2 /* CardFrontDesignView.swift */; };
		E29BD3C5239E957D006355F2 /* CardFrontDesignView.xib in Resources */ = {isa = PBXBuildFile; fileRef = E29BD3C4239E957D006355F2 /* CardFrontDesignView.xib */; };
		E29BD3C7239EA778006355F2 /* CardBackDesignView.xib in Resources */ = {isa = PBXBuildFile; fileRef = E29BD3C6239EA778006355F2 /* CardBackDesignView.xib */; };
		E29BD3C9239EA780006355F2 /* CardBackDesignView.swift in Sources */ = {isa = PBXBuildFile; fileRef = E29BD3C8239EA780006355F2 /* CardBackDesignView.swift */; };
		E29BD3CB239EA831006355F2 /* CardView.swift in Sources */ = {isa = PBXBuildFile; fileRef = E29BD3CA239EA831006355F2 /* CardView.swift */; };
		E2A9DB1B23A2962D00E1AD4C /* FeedbackSender.swift in Sources */ = {isa = PBXBuildFile; fileRef = E2A9DB1A23A2962D00E1AD4C /* FeedbackSender.swift */; };
		E2C5AF7B23A3ED6800BF686C /* AppInformation.swift in Sources */ = {isa = PBXBuildFile; fileRef = E2C5AF7A23A3ED6800BF686C /* AppInformation.swift */; };
		E2CDBE072274AD660054957B /* MenuCoordinator.swift in Sources */ = {isa = PBXBuildFile; fileRef = E2CDBE062274AD660054957B /* MenuCoordinator.swift */; };
		E2CDBE0B2274ADD10054957B /* MenuViewModel.swift in Sources */ = {isa = PBXBuildFile; fileRef = E2CDBE0A2274ADD10054957B /* MenuViewModel.swift */; };
		E2CDBE0D2274ADD80054957B /* Menu.storyboard in Resources */ = {isa = PBXBuildFile; fileRef = E2CDBE0C2274ADD80054957B /* Menu.storyboard */; };
		E2CDBE0F2274ADF10054957B /* MenuViewController.swift in Sources */ = {isa = PBXBuildFile; fileRef = E2CDBE0E2274ADF10054957B /* MenuViewController.swift */; };
		E2CDBE122275ED6E0054957B /* Configuration.swift in Sources */ = {isa = PBXBuildFile; fileRef = E2CDBE112275ED6E0054957B /* Configuration.swift */; };
		E2CDBE142275FEAC0054957B /* TableRowViewModel.swift in Sources */ = {isa = PBXBuildFile; fileRef = E2CDBE132275FEAC0054957B /* TableRowViewModel.swift */; };
		E2CDBE1722760BFD0054957B /* MenuCell.xib in Resources */ = {isa = PBXBuildFile; fileRef = E2CDBE1622760BFD0054957B /* MenuCell.xib */; };
		E2CDBE1922760C0A0054957B /* MenuCell.swift in Sources */ = {isa = PBXBuildFile; fileRef = E2CDBE1822760C0A0054957B /* MenuCell.swift */; };
		E2D2BA5923A4C5360039A960 /* HapticFeedbackGenerator.swift in Sources */ = {isa = PBXBuildFile; fileRef = E2D2BA5823A4C5360039A960 /* HapticFeedbackGenerator.swift */; };
		E2D2BA5C23A4C9440039A960 /* AnalyticsManager.swift in Sources */ = {isa = PBXBuildFile; fileRef = E2D2BA5B23A4C9440039A960 /* AnalyticsManager.swift */; };
		E2D2BA5E23A4E73F0039A960 /* ViewControllerSharable.swift in Sources */ = {isa = PBXBuildFile; fileRef = E2D2BA5D23A4E73F0039A960 /* ViewControllerSharable.swift */; };
/* End PBXBuildFile section */

/* Begin PBXContainerItemProxy section */
		E242E07B22743EBE00C28204 /* PBXContainerItemProxy */ = {
			isa = PBXContainerItemProxy;
			containerPortal = E242E05E22743EBC00C28204 /* Project object */;
			proxyType = 1;
			remoteGlobalIDString = E242E06522743EBC00C28204;
			remoteInfo = ScrumPoker;
		};
		E242E08622743EBE00C28204 /* PBXContainerItemProxy */ = {
			isa = PBXContainerItemProxy;
			containerPortal = E242E05E22743EBC00C28204 /* Project object */;
			proxyType = 1;
			remoteGlobalIDString = E242E06522743EBC00C28204;
			remoteInfo = ScrumPoker;
		};
/* End PBXContainerItemProxy section */

/* Begin PBXFileReference section */
		229C509B6A68785E5E2DC75C /* Pods-ScrumPokerTests.debug.xcconfig */ = {isa = PBXFileReference; includeInIndex = 1; lastKnownFileType = text.xcconfig; name = "Pods-ScrumPokerTests.debug.xcconfig"; path = "Pods/Target Support Files/Pods-ScrumPokerTests/Pods-ScrumPokerTests.debug.xcconfig"; sourceTree = "<group>"; };
		30346FFCE57F983C633DF77C /* Pods-ScrumPoker.release.xcconfig */ = {isa = PBXFileReference; includeInIndex = 1; lastKnownFileType = text.xcconfig; name = "Pods-ScrumPoker.release.xcconfig"; path = "Pods/Target Support Files/Pods-ScrumPoker/Pods-ScrumPoker.release.xcconfig"; sourceTree = "<group>"; };
		3B9F67A6EB5355FCE8FE13D3 /* Pods-ScrumPoker.debug.xcconfig */ = {isa = PBXFileReference; includeInIndex = 1; lastKnownFileType = text.xcconfig; name = "Pods-ScrumPoker.debug.xcconfig"; path = "Pods/Target Support Files/Pods-ScrumPoker/Pods-ScrumPoker.debug.xcconfig"; sourceTree = "<group>"; };
		80E89707AECA3BF1647A5934 /* Pods-ScrumPokerUITests.debug.xcconfig */ = {isa = PBXFileReference; includeInIndex = 1; lastKnownFileType = text.xcconfig; name = "Pods-ScrumPokerUITests.debug.xcconfig"; path = "Pods/Target Support Files/Pods-ScrumPokerUITests/Pods-ScrumPokerUITests.debug.xcconfig"; sourceTree = "<group>"; };
		B154F40C6896866DEB3C9F20 /* Pods_ScrumPokerUITests.framework */ = {isa = PBXFileReference; explicitFileType = wrapper.framework; includeInIndex = 0; path = Pods_ScrumPokerUITests.framework; sourceTree = BUILT_PRODUCTS_DIR; };
		D60D7BE0EEBAC84ABCB9A443 /* Pods_ScrumPokerTests.framework */ = {isa = PBXFileReference; explicitFileType = wrapper.framework; includeInIndex = 0; path = Pods_ScrumPokerTests.framework; sourceTree = BUILT_PRODUCTS_DIR; };
		E215EDAA23A552790077FFE7 /* FirebaseAnalyticsEngine.swift */ = {isa = PBXFileReference; lastKnownFileType = sourcecode.swift; path = FirebaseAnalyticsEngine.swift; sourceTree = "<group>"; };
		E215EDB323A564140077FFE7 /* Settings.bundle */ = {isa = PBXFileReference; lastKnownFileType = "wrapper.plug-in"; path = Settings.bundle; sourceTree = "<group>"; };
		E23288A022744D5300A94F15 /* MainCoordinator.swift */ = {isa = PBXFileReference; lastKnownFileType = sourcecode.swift; path = MainCoordinator.swift; sourceTree = "<group>"; };
		E23288A422744D7B00A94F15 /* UIStoryboard.swift */ = {isa = PBXFileReference; lastKnownFileType = sourcecode.swift; path = UIStoryboard.swift; sourceTree = "<group>"; };
		E23288A922744E3300A94F15 /* DeckViewModel.swift */ = {isa = PBXFileReference; lastKnownFileType = sourcecode.swift; path = DeckViewModel.swift; sourceTree = "<group>"; };
		E23288AC2274507700A94F15 /* CardCell.xib */ = {isa = PBXFileReference; lastKnownFileType = file.xib; path = CardCell.xib; sourceTree = "<group>"; };
		E23288AE2274508900A94F15 /* CardCell.swift */ = {isa = PBXFileReference; lastKnownFileType = sourcecode.swift; path = CardCell.swift; sourceTree = "<group>"; };
		E23288B7227460F900A94F15 /* Card.swift */ = {isa = PBXFileReference; lastKnownFileType = sourcecode.swift; path = Card.swift; sourceTree = "<group>"; };
		E23288B922748FAA00A94F15 /* DeckLayout.swift */ = {isa = PBXFileReference; lastKnownFileType = sourcecode.swift; path = DeckLayout.swift; sourceTree = "<group>"; };
		E23AF0C7CDB0F1D10A83B457 /* Pods_ScrumPoker.framework */ = {isa = PBXFileReference; explicitFileType = wrapper.framework; includeInIndex = 0; path = Pods_ScrumPoker.framework; sourceTree = BUILT_PRODUCTS_DIR; };
		E242E06622743EBC00C28204 /* ScrumPoker.app */ = {isa = PBXFileReference; explicitFileType = wrapper.application; includeInIndex = 0; path = ScrumPoker.app; sourceTree = BUILT_PRODUCTS_DIR; };
		E242E06922743EBC00C28204 /* AppDelegate.swift */ = {isa = PBXFileReference; lastKnownFileType = sourcecode.swift; path = AppDelegate.swift; sourceTree = "<group>"; };
		E242E06B22743EBC00C28204 /* DeckViewController.swift */ = {isa = PBXFileReference; lastKnownFileType = sourcecode.swift; path = DeckViewController.swift; sourceTree = "<group>"; };
		E242E06E22743EBC00C28204 /* Base */ = {isa = PBXFileReference; lastKnownFileType = file.storyboard; name = Base; path = Base.lproj/Main.storyboard; sourceTree = "<group>"; };
		E242E07022743EBD00C28204 /* Assets.xcassets */ = {isa = PBXFileReference; lastKnownFileType = folder.assetcatalog; path = Assets.xcassets; sourceTree = "<group>"; };
		E242E07322743EBD00C28204 /* Base */ = {isa = PBXFileReference; lastKnownFileType = file.storyboard; name = Base; path = Base.lproj/LaunchScreen.storyboard; sourceTree = "<group>"; };
		E242E07522743EBD00C28204 /* Info.plist */ = {isa = PBXFileReference; lastKnownFileType = text.plist.xml; path = Info.plist; sourceTree = "<group>"; };
		E242E07A22743EBE00C28204 /* ScrumPokerTests.xctest */ = {isa = PBXFileReference; explicitFileType = wrapper.cfbundle; includeInIndex = 0; path = ScrumPokerTests.xctest; sourceTree = BUILT_PRODUCTS_DIR; };
		E242E07E22743EBE00C28204 /* ScrumPokerTests.swift */ = {isa = PBXFileReference; lastKnownFileType = sourcecode.swift; path = ScrumPokerTests.swift; sourceTree = "<group>"; };
		E242E08022743EBE00C28204 /* Info.plist */ = {isa = PBXFileReference; lastKnownFileType = text.plist.xml; path = Info.plist; sourceTree = "<group>"; };
		E242E08522743EBE00C28204 /* ScrumPokerUITests.xctest */ = {isa = PBXFileReference; explicitFileType = wrapper.cfbundle; includeInIndex = 0; path = ScrumPokerUITests.xctest; sourceTree = BUILT_PRODUCTS_DIR; };
		E242E08922743EBE00C28204 /* ScrumPokerUITests.swift */ = {isa = PBXFileReference; lastKnownFileType = sourcecode.swift; path = ScrumPokerUITests.swift; sourceTree = "<group>"; };
		E242E08B22743EBE00C28204 /* Info.plist */ = {isa = PBXFileReference; lastKnownFileType = text.plist.xml; path = Info.plist; sourceTree = "<group>"; };
		E265D99B239BD1EA005F02A1 /* TableRowType.swift */ = {isa = PBXFileReference; lastKnownFileType = sourcecode.swift; path = TableRowType.swift; sourceTree = "<group>"; };
		E265D99D239BDF07005F02A1 /* CardViewController.swift */ = {isa = PBXFileReference; lastKnownFileType = sourcecode.swift; path = CardViewController.swift; sourceTree = "<group>"; };
		E265D99F239BDF73005F02A1 /* CardViewModel.swift */ = {isa = PBXFileReference; lastKnownFileType = sourcecode.swift; path = CardViewModel.swift; sourceTree = "<group>"; };
		E266CE9C2276CDF2003451F6 /* Deck.swift */ = {isa = PBXFileReference; lastKnownFileType = sourcecode.swift; path = Deck.swift; sourceTree = "<group>"; };
		E26BFEDE239AA6CF00264688 /* TableSectionSelectionType.swift */ = {isa = PBXFileReference; lastKnownFileType = sourcecode.swift; path = TableSectionSelectionType.swift; sourceTree = "<group>"; };
		E26BFEE0239AA73D00264688 /* DeckRowViewModel.swift */ = {isa = PBXFileReference; lastKnownFileType = sourcecode.swift; path = DeckRowViewModel.swift; sourceTree = "<group>"; };
		E26BFEE2239AA83300264688 /* PreferenceBoolRowViewModel.swift */ = {isa = PBXFileReference; lastKnownFileType = sourcecode.swift; path = PreferenceBoolRowViewModel.swift; sourceTree = "<group>"; };
		E26BFEE4239AA9BD00264688 /* MenuSectionViewModel.swift */ = {isa = PBXFileReference; lastKnownFileType = sourcecode.swift; path = MenuSectionViewModel.swift; sourceTree = "<group>"; };
		E26BFEE6239AAA0100264688 /* ActionRowViewModel.swift */ = {isa = PBXFileReference; lastKnownFileType = sourcecode.swift; path = ActionRowViewModel.swift; sourceTree = "<group>"; };
		E26C738423A50F770034B6D6 /* CardDesign.swift */ = {isa = PBXFileReference; lastKnownFileType = sourcecode.swift; path = CardDesign.swift; sourceTree = "<group>"; };
		E26C738623A53F5D0034B6D6 /* ViewControllerAlertable.swift */ = {isa = PBXFileReference; lastKnownFileType = sourcecode.swift; path = ViewControllerAlertable.swift; sourceTree = "<group>"; };
		E26C738823A54E160034B6D6 /* GoogleService-Info.plist */ = {isa = PBXFileReference; fileEncoding = 4; lastKnownFileType = text.plist.xml; path = "GoogleService-Info.plist"; sourceTree = "<group>"; };
		E28E88D4227767F100DFF021 /* Preference.swift */ = {isa = PBXFileReference; lastKnownFileType = sourcecode.swift; path = Preference.swift; sourceTree = "<group>"; };
		E29BD3C2239E9566006355F2 /* CardFrontDesignView.swift */ = {isa = PBXFileReference; lastKnownFileType = sourcecode.swift; path = CardFrontDesignView.swift; sourceTree = "<group>"; };
		E29BD3C4239E957D006355F2 /* CardFrontDesignView.xib */ = {isa = PBXFileReference; lastKnownFileType = file.xib; path = CardFrontDesignView.xib; sourceTree = "<group>"; };
		E29BD3C6239EA778006355F2 /* CardBackDesignView.xib */ = {isa = PBXFileReference; lastKnownFileType = file.xib; path = CardBackDesignView.xib; sourceTree = "<group>"; };
		E29BD3C8239EA780006355F2 /* CardBackDesignView.swift */ = {isa = PBXFileReference; lastKnownFileType = sourcecode.swift; path = CardBackDesignView.swift; sourceTree = "<group>"; };
		E29BD3CA239EA831006355F2 /* CardView.swift */ = {isa = PBXFileReference; lastKnownFileType = sourcecode.swift; path = CardView.swift; sourceTree = "<group>"; };
		E2A9DB1A23A2962D00E1AD4C /* FeedbackSender.swift */ = {isa = PBXFileReference; lastKnownFileType = sourcecode.swift; path = FeedbackSender.swift; sourceTree = "<group>"; };
		E2C5AF7A23A3ED6800BF686C /* AppInformation.swift */ = {isa = PBXFileReference; lastKnownFileType = sourcecode.swift; path = AppInformation.swift; sourceTree = "<group>"; };
		E2CDBE062274AD660054957B /* MenuCoordinator.swift */ = {isa = PBXFileReference; lastKnownFileType = sourcecode.swift; path = MenuCoordinator.swift; sourceTree = "<group>"; };
		E2CDBE0A2274ADD10054957B /* MenuViewModel.swift */ = {isa = PBXFileReference; lastKnownFileType = sourcecode.swift; path = MenuViewModel.swift; sourceTree = "<group>"; };
		E2CDBE0C2274ADD80054957B /* Menu.storyboard */ = {isa = PBXFileReference; lastKnownFileType = file.storyboard; path = Menu.storyboard; sourceTree = "<group>"; };
		E2CDBE0E2274ADF10054957B /* MenuViewController.swift */ = {isa = PBXFileReference; lastKnownFileType = sourcecode.swift; path = MenuViewController.swift; sourceTree = "<group>"; };
		E2CDBE112275ED6E0054957B /* Configuration.swift */ = {isa = PBXFileReference; lastKnownFileType = sourcecode.swift; path = Configuration.swift; sourceTree = "<group>"; };
		E2CDBE132275FEAC0054957B /* TableRowViewModel.swift */ = {isa = PBXFileReference; lastKnownFileType = sourcecode.swift; path = TableRowViewModel.swift; sourceTree = "<group>"; };
		E2CDBE1622760BFD0054957B /* MenuCell.xib */ = {isa = PBXFileReference; lastKnownFileType = file.xib; path = MenuCell.xib; sourceTree = "<group>"; };
		E2CDBE1822760C0A0054957B /* MenuCell.swift */ = {isa = PBXFileReference; lastKnownFileType = sourcecode.swift; path = MenuCell.swift; sourceTree = "<group>"; };
		E2D2BA5823A4C5360039A960 /* HapticFeedbackGenerator.swift */ = {isa = PBXFileReference; lastKnownFileType = sourcecode.swift; path = HapticFeedbackGenerator.swift; sourceTree = "<group>"; };
		E2D2BA5B23A4C9440039A960 /* AnalyticsManager.swift */ = {isa = PBXFileReference; lastKnownFileType = sourcecode.swift; path = AnalyticsManager.swift; sourceTree = "<group>"; };
		E2D2BA5D23A4E73F0039A960 /* ViewControllerSharable.swift */ = {isa = PBXFileReference; lastKnownFileType = sourcecode.swift; path = ViewControllerSharable.swift; sourceTree = "<group>"; };
		ECF1E10B6583DB307DFA4D9B /* Pods-ScrumPokerUITests.release.xcconfig */ = {isa = PBXFileReference; includeInIndex = 1; lastKnownFileType = text.xcconfig; name = "Pods-ScrumPokerUITests.release.xcconfig"; path = "Pods/Target Support Files/Pods-ScrumPokerUITests/Pods-ScrumPokerUITests.release.xcconfig"; sourceTree = "<group>"; };
		FD7A2E68FE585A19D4B94530 /* Pods-ScrumPokerTests.release.xcconfig */ = {isa = PBXFileReference; includeInIndex = 1; lastKnownFileType = text.xcconfig; name = "Pods-ScrumPokerTests.release.xcconfig"; path = "Pods/Target Support Files/Pods-ScrumPokerTests/Pods-ScrumPokerTests.release.xcconfig"; sourceTree = "<group>"; };
/* End PBXFileReference section */

/* Begin PBXFrameworksBuildPhase section */
		E242E06322743EBC00C28204 /* Frameworks */ = {
			isa = PBXFrameworksBuildPhase;
			buildActionMask = 2147483647;
			files = (
				65982F83EE22C95E29C64909 /* Pods_ScrumPoker.framework in Frameworks */,
			);
			runOnlyForDeploymentPostprocessing = 0;
		};
		E242E07722743EBE00C28204 /* Frameworks */ = {
			isa = PBXFrameworksBuildPhase;
			buildActionMask = 2147483647;
			files = (
				17367E1EDA1D59A34E5FFF82 /* Pods_ScrumPokerTests.framework in Frameworks */,
			);
			runOnlyForDeploymentPostprocessing = 0;
		};
		E242E08222743EBE00C28204 /* Frameworks */ = {
			isa = PBXFrameworksBuildPhase;
			buildActionMask = 2147483647;
			files = (
				0D8497ECAC64B22DDDC05A24 /* Pods_ScrumPokerUITests.framework in Frameworks */,
			);
			runOnlyForDeploymentPostprocessing = 0;
		};
/* End PBXFrameworksBuildPhase section */

/* Begin PBXGroup section */
		3A1D1A69436DBF3E0427504F /* Frameworks */ = {
			isa = PBXGroup;
			children = (
				E23AF0C7CDB0F1D10A83B457 /* Pods_ScrumPoker.framework */,
				D60D7BE0EEBAC84ABCB9A443 /* Pods_ScrumPokerTests.framework */,
				B154F40C6896866DEB3C9F20 /* Pods_ScrumPokerUITests.framework */,
			);
			name = Frameworks;
			sourceTree = "<group>";
		};
		496BAE6B343D9CCDF64308D6 /* Pods */ = {
			isa = PBXGroup;
			children = (
				3B9F67A6EB5355FCE8FE13D3 /* Pods-ScrumPoker.debug.xcconfig */,
				30346FFCE57F983C633DF77C /* Pods-ScrumPoker.release.xcconfig */,
				229C509B6A68785E5E2DC75C /* Pods-ScrumPokerTests.debug.xcconfig */,
				FD7A2E68FE585A19D4B94530 /* Pods-ScrumPokerTests.release.xcconfig */,
				80E89707AECA3BF1647A5934 /* Pods-ScrumPokerUITests.debug.xcconfig */,
				ECF1E10B6583DB307DFA4D9B /* Pods-ScrumPokerUITests.release.xcconfig */,
			);
			name = Pods;
			sourceTree = "<group>";
		};
		E2328897227449B400A94F15 /* Support */ = {
			isa = PBXGroup;
			children = (
				E26C738823A54E160034B6D6 /* GoogleService-Info.plist */,
				E242E07522743EBD00C28204 /* Info.plist */,
			);
			name = Support;
			sourceTree = "<group>";
		};
		E232889C22744CEE00A94F15 /* Scenes */ = {
			isa = PBXGroup;
			children = (
				E232889E22744CFC00A94F15 /* Splash */,
				E232889F22744D0000A94F15 /* Main */,
				E2CDBE052274AD520054957B /* Menu */,
			);
			path = Scenes;
			sourceTree = "<group>";
		};
		E232889E22744CFC00A94F15 /* Splash */ = {
			isa = PBXGroup;
			children = (
				E242E07222743EBD00C28204 /* LaunchScreen.storyboard */,
			);
			path = Splash;
			sourceTree = "<group>";
		};
		E232889F22744D0000A94F15 /* Main */ = {
			isa = PBXGroup;
			children = (
				E23288A022744D5300A94F15 /* MainCoordinator.swift */,
				E242E06D22743EBC00C28204 /* Main.storyboard */,
				E265D9A1239BDFA2005F02A1 /* ViewControllers */,
				E265D9A2239BDFAF005F02A1 /* ViewModels */,
				E29BD3C1239E9546006355F2 /* Views */,
			);
			path = Main;
			sourceTree = "<group>";
		};
		E23288A322744D7100A94F15 /* Extensions */ = {
			isa = PBXGroup;
			children = (
				E23288A422744D7B00A94F15 /* UIStoryboard.swift */,
			);
			path = Extensions;
			sourceTree = "<group>";
		};
		E23288A622744DC800A94F15 /* Protocols */ = {
			isa = PBXGroup;
			children = (
				E2CDBE132275FEAC0054957B /* TableRowViewModel.swift */,
				E26C738423A50F770034B6D6 /* CardDesign.swift */,
				E26C738623A53F5D0034B6D6 /* ViewControllerAlertable.swift */,
				E2D2BA5D23A4E73F0039A960 /* ViewControllerSharable.swift */,
			);
			path = Protocols;
			sourceTree = "<group>";
		};
		E23288B6227460EB00A94F15 /* Models */ = {
			isa = PBXGroup;
			children = (
				E23288B7227460F900A94F15 /* Card.swift */,
				E266CE9C2276CDF2003451F6 /* Deck.swift */,
				E23288B922748FAA00A94F15 /* DeckLayout.swift */,
				E28E88D4227767F100DFF021 /* Preference.swift */,
				E26BFEDE239AA6CF00264688 /* TableSectionSelectionType.swift */,
				E265D99B239BD1EA005F02A1 /* TableRowType.swift */,
			);
			path = Models;
			sourceTree = "<group>";
		};
		E242E05D22743EBC00C28204 = {
			isa = PBXGroup;
			children = (
				E242E06822743EBC00C28204 /* ScrumPoker */,
				E242E07D22743EBE00C28204 /* ScrumPokerTests */,
				E242E08822743EBE00C28204 /* ScrumPokerUITests */,
				E242E06722743EBC00C28204 /* Products */,
				496BAE6B343D9CCDF64308D6 /* Pods */,
				3A1D1A69436DBF3E0427504F /* Frameworks */,
			);
			sourceTree = "<group>";
		};
		E242E06722743EBC00C28204 /* Products */ = {
			isa = PBXGroup;
			children = (
				E242E06622743EBC00C28204 /* ScrumPoker.app */,
				E242E07A22743EBE00C28204 /* ScrumPokerTests.xctest */,
				E242E08522743EBE00C28204 /* ScrumPokerUITests.xctest */,
			);
			name = Products;
			sourceTree = "<group>";
		};
		E242E06822743EBC00C28204 /* ScrumPoker */ = {
			isa = PBXGroup;
			children = (
				E242E06922743EBC00C28204 /* AppDelegate.swift */,
				E23288B6227460EB00A94F15 /* Models */,
				E23288A622744DC800A94F15 /* Protocols */,
				E23288A322744D7100A94F15 /* Extensions */,
				E2CDBE102275ED510054957B /* Common */,
				E2A9DB1923A2960F00E1AD4C /* Services */,
				E232889C22744CEE00A94F15 /* Scenes */,
				E2328897227449B400A94F15 /* Support */,
				E215EDB323A564140077FFE7 /* Settings.bundle */,
				E242E07022743EBD00C28204 /* Assets.xcassets */,
			);
			path = ScrumPoker;
			sourceTree = "<group>";
		};
		E242E07D22743EBE00C28204 /* ScrumPokerTests */ = {
			isa = PBXGroup;
			children = (
				E242E07E22743EBE00C28204 /* ScrumPokerTests.swift */,
				E242E08022743EBE00C28204 /* Info.plist */,
			);
			path = ScrumPokerTests;
			sourceTree = "<group>";
		};
		E242E08822743EBE00C28204 /* ScrumPokerUITests */ = {
			isa = PBXGroup;
			children = (
				E242E08922743EBE00C28204 /* ScrumPokerUITests.swift */,
				E242E08B22743EBE00C28204 /* Info.plist */,
			);
			path = ScrumPokerUITests;
			sourceTree = "<group>";
		};
		E265D9A1239BDFA2005F02A1 /* ViewControllers */ = {
			isa = PBXGroup;
			children = (
				E242E06B22743EBC00C28204 /* DeckViewController.swift */,
				E265D99D239BDF07005F02A1 /* CardViewController.swift */,
			);
			path = ViewControllers;
			sourceTree = "<group>";
		};
		E265D9A2239BDFAF005F02A1 /* ViewModels */ = {
			isa = PBXGroup;
			children = (
				E23288A922744E3300A94F15 /* DeckViewModel.swift */,
				E265D99F239BDF73005F02A1 /* CardViewModel.swift */,
			);
			path = ViewModels;
			sourceTree = "<group>";
		};
		E29BD3C1239E9546006355F2 /* Views */ = {
			isa = PBXGroup;
			children = (
				E29BD3CA239EA831006355F2 /* CardView.swift */,
				E29BD3C4239E957D006355F2 /* CardFrontDesignView.xib */,
				E29BD3C2239E9566006355F2 /* CardFrontDesignView.swift */,
				E29BD3C6239EA778006355F2 /* CardBackDesignView.xib */,
				E29BD3C8239EA780006355F2 /* CardBackDesignView.swift */,
				E23288AC2274507700A94F15 /* CardCell.xib */,
				E23288AE2274508900A94F15 /* CardCell.swift */,
			);
			path = Views;
			sourceTree = "<group>";
		};
		E2A9DB1823A28C9600E1AD4C /* ViewControllers */ = {
			isa = PBXGroup;
			children = (
				E2CDBE0E2274ADF10054957B /* MenuViewController.swift */,
			);
			path = ViewControllers;
			sourceTree = "<group>";
		};
		E2A9DB1923A2960F00E1AD4C /* Services */ = {
			isa = PBXGroup;
			children = (
				E2A9DB1A23A2962D00E1AD4C /* FeedbackSender.swift */,
				E2D2BA5823A4C5360039A960 /* HapticFeedbackGenerator.swift */,
				E2D2BA5A23A4C9300039A960 /* Analytics */,
			);
			path = Services;
			sourceTree = "<group>";
		};
		E2CDBE052274AD520054957B /* Menu */ = {
			isa = PBXGroup;
			children = (
				E2CDBE062274AD660054957B /* MenuCoordinator.swift */,
				E2CDBE0C2274ADD80054957B /* Menu.storyboard */,
				E2A9DB1823A28C9600E1AD4C /* ViewControllers */,
				E2D2FB26239B96DD006DA9C0 /* ViewModels */,
				E2D2FB25239B96D5006DA9C0 /* Views */,
			);
			path = Menu;
			sourceTree = "<group>";
		};
		E2CDBE102275ED510054957B /* Common */ = {
			isa = PBXGroup;
			children = (
				E2CDBE112275ED6E0054957B /* Configuration.swift */,
				E2C5AF7A23A3ED6800BF686C /* AppInformation.swift */,
			);
			path = Common;
			sourceTree = "<group>";
		};
		E2D2BA5A23A4C9300039A960 /* Analytics */ = {
			isa = PBXGroup;
			children = (
				E2D2BA5B23A4C9440039A960 /* AnalyticsManager.swift */,
				E215EDAA23A552790077FFE7 /* FirebaseAnalyticsEngine.swift */,
			);
			path = Analytics;
			sourceTree = "<group>";
		};
		E2D2FB25239B96D5006DA9C0 /* Views */ = {
			isa = PBXGroup;
			children = (
				E2CDBE1622760BFD0054957B /* MenuCell.xib */,
				E2CDBE1822760C0A0054957B /* MenuCell.swift */,
			);
			path = Views;
			sourceTree = "<group>";
		};
		E2D2FB26239B96DD006DA9C0 /* ViewModels */ = {
			isa = PBXGroup;
			children = (
				E2CDBE0A2274ADD10054957B /* MenuViewModel.swift */,
				E26BFEE4239AA9BD00264688 /* MenuSectionViewModel.swift */,
				E26BFEE0239AA73D00264688 /* DeckRowViewModel.swift */,
				E26BFEE2239AA83300264688 /* PreferenceBoolRowViewModel.swift */,
				E26BFEE6239AAA0100264688 /* ActionRowViewModel.swift */,
			);
			path = ViewModels;
			sourceTree = "<group>";
		};
/* End PBXGroup section */

/* Begin PBXNativeTarget section */
		E242E06522743EBC00C28204 /* ScrumPoker */ = {
			isa = PBXNativeTarget;
			buildConfigurationList = E242E08E22743EBE00C28204 /* Build configuration list for PBXNativeTarget "ScrumPoker" */;
			buildPhases = (
				13D9B90E95FF914055C24FD1 /* [CP] Check Pods Manifest.lock */,
				E242E06222743EBC00C28204 /* Sources */,
				E242E06322743EBC00C28204 /* Frameworks */,
				E242E06422743EBC00C28204 /* Resources */,
				6917455A6DDA20081811D52D /* [CP] Embed Pods Frameworks */,
				E299CBDE240ADB1E00B634F6 /* Run FirebaseCrashlytics */,
				E215EDB623A565E40077FFE7 /* LicensePlist Script */,
			);
			buildRules = (
			);
			dependencies = (
			);
			name = ScrumPoker;
			productName = ScrumPoker;
			productReference = E242E06622743EBC00C28204 /* ScrumPoker.app */;
			productType = "com.apple.product-type.application";
		};
		E242E07922743EBE00C28204 /* ScrumPokerTests */ = {
			isa = PBXNativeTarget;
			buildConfigurationList = E242E09122743EBE00C28204 /* Build configuration list for PBXNativeTarget "ScrumPokerTests" */;
			buildPhases = (
				2C0C2671E9D268DA0D994CC8 /* [CP] Check Pods Manifest.lock */,
				E242E07622743EBE00C28204 /* Sources */,
				E242E07722743EBE00C28204 /* Frameworks */,
				E242E07822743EBE00C28204 /* Resources */,
				663AD30B272DC0EB119B8160 /* [CP] Embed Pods Frameworks */,
			);
			buildRules = (
			);
			dependencies = (
				E242E07C22743EBE00C28204 /* PBXTargetDependency */,
			);
			name = ScrumPokerTests;
			productName = ScrumPokerTests;
			productReference = E242E07A22743EBE00C28204 /* ScrumPokerTests.xctest */;
			productType = "com.apple.product-type.bundle.unit-test";
		};
		E242E08422743EBE00C28204 /* ScrumPokerUITests */ = {
			isa = PBXNativeTarget;
			buildConfigurationList = E242E09422743EBE00C28204 /* Build configuration list for PBXNativeTarget "ScrumPokerUITests" */;
			buildPhases = (
				A3B8F5B3778C22D301B23627 /* [CP] Check Pods Manifest.lock */,
				E242E08122743EBE00C28204 /* Sources */,
				E242E08222743EBE00C28204 /* Frameworks */,
				E242E08322743EBE00C28204 /* Resources */,
			);
			buildRules = (
			);
			dependencies = (
				E242E08722743EBE00C28204 /* PBXTargetDependency */,
			);
			name = ScrumPokerUITests;
			productName = ScrumPokerUITests;
			productReference = E242E08522743EBE00C28204 /* ScrumPokerUITests.xctest */;
			productType = "com.apple.product-type.bundle.ui-testing";
		};
/* End PBXNativeTarget section */

/* Begin PBXProject section */
		E242E05E22743EBC00C28204 /* Project object */ = {
			isa = PBXProject;
			attributes = {
				LastSwiftUpdateCheck = 1020;
				LastUpgradeCheck = 1020;
				ORGANIZATIONNAME = rgkobashi;
				TargetAttributes = {
					E242E06522743EBC00C28204 = {
						CreatedOnToolsVersion = 10.2;
					};
					E242E07922743EBE00C28204 = {
						CreatedOnToolsVersion = 10.2;
						TestTargetID = E242E06522743EBC00C28204;
					};
					E242E08422743EBE00C28204 = {
						CreatedOnToolsVersion = 10.2;
						TestTargetID = E242E06522743EBC00C28204;
					};
				};
			};
			buildConfigurationList = E242E06122743EBC00C28204 /* Build configuration list for PBXProject "ScrumPoker" */;
			compatibilityVersion = "Xcode 9.3";
			developmentRegion = en;
			hasScannedForEncodings = 0;
			knownRegions = (
				en,
				Base,
			);
			mainGroup = E242E05D22743EBC00C28204;
			productRefGroup = E242E06722743EBC00C28204 /* Products */;
			projectDirPath = "";
			projectRoot = "";
			targets = (
				E242E06522743EBC00C28204 /* ScrumPoker */,
				E242E07922743EBE00C28204 /* ScrumPokerTests */,
				E242E08422743EBE00C28204 /* ScrumPokerUITests */,
			);
		};
/* End PBXProject section */

/* Begin PBXResourcesBuildPhase section */
		E242E06422743EBC00C28204 /* Resources */ = {
			isa = PBXResourcesBuildPhase;
			buildActionMask = 2147483647;
			files = (
				E2CDBE1722760BFD0054957B /* MenuCell.xib in Resources */,
				E242E07422743EBD00C28204 /* LaunchScreen.storyboard in Resources */,
				E215EDB423A564140077FFE7 /* Settings.bundle in Resources */,
				E26C738923A54E160034B6D6 /* GoogleService-Info.plist in Resources */,
				E242E07122743EBD00C28204 /* Assets.xcassets in Resources */,
				E242E06F22743EBC00C28204 /* Main.storyboard in Resources */,
				E23288AD2274507700A94F15 /* CardCell.xib in Resources */,
				E29BD3C5239E957D006355F2 /* CardFrontDesignView.xib in Resources */,
				E2CDBE0D2274ADD80054957B /* Menu.storyboard in Resources */,
				E29BD3C7239EA778006355F2 /* CardBackDesignView.xib in Resources */,
			);
			runOnlyForDeploymentPostprocessing = 0;
		};
		E242E07822743EBE00C28204 /* Resources */ = {
			isa = PBXResourcesBuildPhase;
			buildActionMask = 2147483647;
			files = (
			);
			runOnlyForDeploymentPostprocessing = 0;
		};
		E242E08322743EBE00C28204 /* Resources */ = {
			isa = PBXResourcesBuildPhase;
			buildActionMask = 2147483647;
			files = (
			);
			runOnlyForDeploymentPostprocessing = 0;
		};
/* End PBXResourcesBuildPhase section */

/* Begin PBXShellScriptBuildPhase section */
		13D9B90E95FF914055C24FD1 /* [CP] Check Pods Manifest.lock */ = {
			isa = PBXShellScriptBuildPhase;
			buildActionMask = 2147483647;
			files = (
			);
			inputFileListPaths = (
			);
			inputPaths = (
				"${PODS_PODFILE_DIR_PATH}/Podfile.lock",
				"${PODS_ROOT}/Manifest.lock",
			);
			name = "[CP] Check Pods Manifest.lock";
			outputFileListPaths = (
			);
			outputPaths = (
				"$(DERIVED_FILE_DIR)/Pods-ScrumPoker-checkManifestLockResult.txt",
			);
			runOnlyForDeploymentPostprocessing = 0;
			shellPath = /bin/sh;
			shellScript = "diff \"${PODS_PODFILE_DIR_PATH}/Podfile.lock\" \"${PODS_ROOT}/Manifest.lock\" > /dev/null\nif [ $? != 0 ] ; then\n    # print error to STDERR\n    echo \"error: The sandbox is not in sync with the Podfile.lock. Run 'pod install' or update your CocoaPods installation.\" >&2\n    exit 1\nfi\n# This output is used by Xcode 'outputs' to avoid re-running this script phase.\necho \"SUCCESS\" > \"${SCRIPT_OUTPUT_FILE_0}\"\n";
			showEnvVarsInLog = 0;
		};
		2C0C2671E9D268DA0D994CC8 /* [CP] Check Pods Manifest.lock */ = {
			isa = PBXShellScriptBuildPhase;
			buildActionMask = 2147483647;
			files = (
			);
			inputFileListPaths = (
			);
			inputPaths = (
				"${PODS_PODFILE_DIR_PATH}/Podfile.lock",
				"${PODS_ROOT}/Manifest.lock",
			);
			name = "[CP] Check Pods Manifest.lock";
			outputFileListPaths = (
			);
			outputPaths = (
				"$(DERIVED_FILE_DIR)/Pods-ScrumPokerTests-checkManifestLockResult.txt",
			);
			runOnlyForDeploymentPostprocessing = 0;
			shellPath = /bin/sh;
			shellScript = "diff \"${PODS_PODFILE_DIR_PATH}/Podfile.lock\" \"${PODS_ROOT}/Manifest.lock\" > /dev/null\nif [ $? != 0 ] ; then\n    # print error to STDERR\n    echo \"error: The sandbox is not in sync with the Podfile.lock. Run 'pod install' or update your CocoaPods installation.\" >&2\n    exit 1\nfi\n# This output is used by Xcode 'outputs' to avoid re-running this script phase.\necho \"SUCCESS\" > \"${SCRIPT_OUTPUT_FILE_0}\"\n";
			showEnvVarsInLog = 0;
		};
		663AD30B272DC0EB119B8160 /* [CP] Embed Pods Frameworks */ = {
			isa = PBXShellScriptBuildPhase;
			buildActionMask = 2147483647;
			files = (
			);
			inputFileListPaths = (
				"${PODS_ROOT}/Target Support Files/Pods-ScrumPokerTests/Pods-ScrumPokerTests-frameworks-${CONFIGURATION}-input-files.xcfilelist",
			);
			name = "[CP] Embed Pods Frameworks";
			outputFileListPaths = (
				"${PODS_ROOT}/Target Support Files/Pods-ScrumPokerTests/Pods-ScrumPokerTests-frameworks-${CONFIGURATION}-output-files.xcfilelist",
			);
			runOnlyForDeploymentPostprocessing = 0;
			shellPath = /bin/sh;
			shellScript = "\"${PODS_ROOT}/Target Support Files/Pods-ScrumPokerTests/Pods-ScrumPokerTests-frameworks.sh\"\n";
			showEnvVarsInLog = 0;
		};
		6917455A6DDA20081811D52D /* [CP] Embed Pods Frameworks */ = {
			isa = PBXShellScriptBuildPhase;
			buildActionMask = 2147483647;
			files = (
			);
			inputFileListPaths = (
				"${PODS_ROOT}/Target Support Files/Pods-ScrumPoker/Pods-ScrumPoker-frameworks-${CONFIGURATION}-input-files.xcfilelist",
			);
			name = "[CP] Embed Pods Frameworks";
			outputFileListPaths = (
				"${PODS_ROOT}/Target Support Files/Pods-ScrumPoker/Pods-ScrumPoker-frameworks-${CONFIGURATION}-output-files.xcfilelist",
			);
			runOnlyForDeploymentPostprocessing = 0;
			shellPath = /bin/sh;
			shellScript = "\"${PODS_ROOT}/Target Support Files/Pods-ScrumPoker/Pods-ScrumPoker-frameworks.sh\"\n";
			showEnvVarsInLog = 0;
		};
		A3B8F5B3778C22D301B23627 /* [CP] Check Pods Manifest.lock */ = {
			isa = PBXShellScriptBuildPhase;
			buildActionMask = 2147483647;
			files = (
			);
			inputFileListPaths = (
			);
			inputPaths = (
				"${PODS_PODFILE_DIR_PATH}/Podfile.lock",
				"${PODS_ROOT}/Manifest.lock",
			);
			name = "[CP] Check Pods Manifest.lock";
			outputFileListPaths = (
			);
			outputPaths = (
				"$(DERIVED_FILE_DIR)/Pods-ScrumPokerUITests-checkManifestLockResult.txt",
			);
			runOnlyForDeploymentPostprocessing = 0;
			shellPath = /bin/sh;
			shellScript = "diff \"${PODS_PODFILE_DIR_PATH}/Podfile.lock\" \"${PODS_ROOT}/Manifest.lock\" > /dev/null\nif [ $? != 0 ] ; then\n    # print error to STDERR\n    echo \"error: The sandbox is not in sync with the Podfile.lock. Run 'pod install' or update your CocoaPods installation.\" >&2\n    exit 1\nfi\n# This output is used by Xcode 'outputs' to avoid re-running this script phase.\necho \"SUCCESS\" > \"${SCRIPT_OUTPUT_FILE_0}\"\n";
			showEnvVarsInLog = 0;
		};
		E215EDB623A565E40077FFE7 /* LicensePlist Script */ = {
			isa = PBXShellScriptBuildPhase;
			buildActionMask = 2147483647;
			files = (
			);
			inputFileListPaths = (
			);
			inputPaths = (
			);
			name = "LicensePlist Script";
			outputFileListPaths = (
			);
			outputPaths = (
			);
			runOnlyForDeploymentPostprocessing = 0;
			shellPath = /bin/sh;
			shellScript = "if [ $CONFIGURATION = \"Debug\" ]; then\n    ${PODS_ROOT}/LicensePlist/license-plist --output-path $PRODUCT_NAME/Settings.bundle\nfi\n";
		};
		E299CBDE240ADB1E00B634F6 /* Run FirebaseCrashlytics */ = {
			isa = PBXShellScriptBuildPhase;
			buildActionMask = 2147483647;
			files = (
			);
			inputFileListPaths = (
			);
			inputPaths = (
				"${DWARF_DSYM_FOLDER_PATH}/${DWARF_DSYM_FILE_NAME}/Contents/Resources/DWARF/${TARGET_NAME}",
				"$(SRCROOT)/$(BUILT_PRODUCTS_DIR)/$(INFOPLIST_PATH)",
			);
			name = "Run FirebaseCrashlytics";
			outputFileListPaths = (
			);
			outputPaths = (
			);
			runOnlyForDeploymentPostprocessing = 0;
			shellPath = /bin/sh;
			shellScript = "\"${PODS_ROOT}/FirebaseCrashlytics/run\"\n";
		};
/* End PBXShellScriptBuildPhase section */

/* Begin PBXSourcesBuildPhase section */
		E242E06222743EBC00C28204 /* Sources */ = {
			isa = PBXSourcesBuildPhase;
			buildActionMask = 2147483647;
			files = (
				E2D2BA5C23A4C9440039A960 /* AnalyticsManager.swift in Sources */,
				E266CE9D2276CDF2003451F6 /* Deck.swift in Sources */,
				E26C738723A53F5D0034B6D6 /* ViewControllerAlertable.swift in Sources */,
				E23288BA22748FAA00A94F15 /* DeckLayout.swift in Sources */,
				E26BFEDF239AA6CF00264688 /* TableSectionSelectionType.swift in Sources */,
				E23288AF2274508900A94F15 /* CardCell.swift in Sources */,
				E2CDBE122275ED6E0054957B /* Configuration.swift in Sources */,
				E23288A522744D7B00A94F15 /* UIStoryboard.swift in Sources */,
				E26BFEE5239AA9BD00264688 /* MenuSectionViewModel.swift in Sources */,
				E265D99E239BDF07005F02A1 /* CardViewController.swift in Sources */,
				E242E06C22743EBC00C28204 /* DeckViewController.swift in Sources */,
				E2CDBE0F2274ADF10054957B /* MenuViewController.swift in Sources */,
				E26BFEE1239AA73D00264688 /* DeckRowViewModel.swift in Sources */,
				E23288A122744D5300A94F15 /* MainCoordinator.swift in Sources */,
				E29BD3C9239EA780006355F2 /* CardBackDesignView.swift in Sources */,
				E2A9DB1B23A2962D00E1AD4C /* FeedbackSender.swift in Sources */,
				E2CDBE142275FEAC0054957B /* TableRowViewModel.swift in Sources */,
				E242E06A22743EBC00C28204 /* AppDelegate.swift in Sources */,
				E2CDBE072274AD660054957B /* MenuCoordinator.swift in Sources */,
				E28E88D5227767F100DFF021 /* Preference.swift in Sources */,
				E26C738523A50F770034B6D6 /* CardDesign.swift in Sources */,
				E2C5AF7B23A3ED6800BF686C /* AppInformation.swift in Sources */,
				E23288AA22744E3300A94F15 /* DeckViewModel.swift in Sources */,
				E26BFEE3239AA83300264688 /* PreferenceBoolRowViewModel.swift in Sources */,
				E29BD3C3239E9566006355F2 /* CardFrontDesignView.swift in Sources */,
				E2CDBE1922760C0A0054957B /* MenuCell.swift in Sources */,
				E2D2BA5923A4C5360039A960 /* HapticFeedbackGenerator.swift in Sources */,
				E265D99C239BD1EA005F02A1 /* TableRowType.swift in Sources */,
				E265D9A0239BDF73005F02A1 /* CardViewModel.swift in Sources */,
				E2D2BA5E23A4E73F0039A960 /* ViewControllerSharable.swift in Sources */,
				E23288B8227460F900A94F15 /* Card.swift in Sources */,
				E26BFEE7239AAA0100264688 /* ActionRowViewModel.swift in Sources */,
				E29BD3CB239EA831006355F2 /* CardView.swift in Sources */,
				E2CDBE0B2274ADD10054957B /* MenuViewModel.swift in Sources */,
				E215EDAB23A552790077FFE7 /* FirebaseAnalyticsEngine.swift in Sources */,
			);
			runOnlyForDeploymentPostprocessing = 0;
		};
		E242E07622743EBE00C28204 /* Sources */ = {
			isa = PBXSourcesBuildPhase;
			buildActionMask = 2147483647;
			files = (
				E242E07F22743EBE00C28204 /* ScrumPokerTests.swift in Sources */,
			);
			runOnlyForDeploymentPostprocessing = 0;
		};
		E242E08122743EBE00C28204 /* Sources */ = {
			isa = PBXSourcesBuildPhase;
			buildActionMask = 2147483647;
			files = (
				E242E08A22743EBE00C28204 /* ScrumPokerUITests.swift in Sources */,
			);
			runOnlyForDeploymentPostprocessing = 0;
		};
/* End PBXSourcesBuildPhase section */

/* Begin PBXTargetDependency section */
		E242E07C22743EBE00C28204 /* PBXTargetDependency */ = {
			isa = PBXTargetDependency;
			target = E242E06522743EBC00C28204 /* ScrumPoker */;
			targetProxy = E242E07B22743EBE00C28204 /* PBXContainerItemProxy */;
		};
		E242E08722743EBE00C28204 /* PBXTargetDependency */ = {
			isa = PBXTargetDependency;
			target = E242E06522743EBC00C28204 /* ScrumPoker */;
			targetProxy = E242E08622743EBE00C28204 /* PBXContainerItemProxy */;
		};
/* End PBXTargetDependency section */

/* Begin PBXVariantGroup section */
		E242E06D22743EBC00C28204 /* Main.storyboard */ = {
			isa = PBXVariantGroup;
			children = (
				E242E06E22743EBC00C28204 /* Base */,
			);
			name = Main.storyboard;
			sourceTree = "<group>";
		};
		E242E07222743EBD00C28204 /* LaunchScreen.storyboard */ = {
			isa = PBXVariantGroup;
			children = (
				E242E07322743EBD00C28204 /* Base */,
			);
			name = LaunchScreen.storyboard;
			sourceTree = "<group>";
		};
/* End PBXVariantGroup section */

/* Begin XCBuildConfiguration section */
		E242E08C22743EBE00C28204 /* Debug */ = {
			isa = XCBuildConfiguration;
			buildSettings = {
				ALWAYS_SEARCH_USER_PATHS = NO;
				CLANG_ANALYZER_NONNULL = YES;
				CLANG_ANALYZER_NUMBER_OBJECT_CONVERSION = YES_AGGRESSIVE;
				CLANG_CXX_LANGUAGE_STANDARD = "gnu++14";
				CLANG_CXX_LIBRARY = "libc++";
				CLANG_ENABLE_MODULES = YES;
				CLANG_ENABLE_OBJC_ARC = YES;
				CLANG_ENABLE_OBJC_WEAK = YES;
				CLANG_WARN_BLOCK_CAPTURE_AUTORELEASING = YES;
				CLANG_WARN_BOOL_CONVERSION = YES;
				CLANG_WARN_COMMA = YES;
				CLANG_WARN_CONSTANT_CONVERSION = YES;
				CLANG_WARN_DEPRECATED_OBJC_IMPLEMENTATIONS = YES;
				CLANG_WARN_DIRECT_OBJC_ISA_USAGE = YES_ERROR;
				CLANG_WARN_DOCUMENTATION_COMMENTS = YES;
				CLANG_WARN_EMPTY_BODY = YES;
				CLANG_WARN_ENUM_CONVERSION = YES;
				CLANG_WARN_INFINITE_RECURSION = YES;
				CLANG_WARN_INT_CONVERSION = YES;
				CLANG_WARN_NON_LITERAL_NULL_CONVERSION = YES;
				CLANG_WARN_OBJC_IMPLICIT_RETAIN_SELF = YES;
				CLANG_WARN_OBJC_LITERAL_CONVERSION = YES;
				CLANG_WARN_OBJC_ROOT_CLASS = YES_ERROR;
				CLANG_WARN_RANGE_LOOP_ANALYSIS = YES;
				CLANG_WARN_STRICT_PROTOTYPES = YES;
				CLANG_WARN_SUSPICIOUS_MOVE = YES;
				CLANG_WARN_UNGUARDED_AVAILABILITY = YES_AGGRESSIVE;
				CLANG_WARN_UNREACHABLE_CODE = YES;
				CLANG_WARN__DUPLICATE_METHOD_MATCH = YES;
				COPY_PHASE_STRIP = NO;
				DEBUG_INFORMATION_FORMAT = "dwarf-with-dsym";
				DEVELOPMENT_TEAM = P8P5CESA8A;
				ENABLE_STRICT_OBJC_MSGSEND = YES;
				ENABLE_TESTABILITY = YES;
				GCC_C_LANGUAGE_STANDARD = gnu11;
				GCC_DYNAMIC_NO_PIC = NO;
				GCC_NO_COMMON_BLOCKS = YES;
				GCC_OPTIMIZATION_LEVEL = 0;
				GCC_PREPROCESSOR_DEFINITIONS = (
					"DEBUG=1",
					"$(inherited)",
				);
				GCC_WARN_64_TO_32_BIT_CONVERSION = YES;
				GCC_WARN_ABOUT_RETURN_TYPE = YES_ERROR;
				GCC_WARN_UNDECLARED_SELECTOR = YES;
				GCC_WARN_UNINITIALIZED_AUTOS = YES_AGGRESSIVE;
				GCC_WARN_UNUSED_FUNCTION = YES;
				GCC_WARN_UNUSED_VARIABLE = YES;
				IPHONEOS_DEPLOYMENT_TARGET = 11.4;
				MTL_ENABLE_DEBUG_INFO = INCLUDE_SOURCE;
				MTL_FAST_MATH = YES;
				ONLY_ACTIVE_ARCH = YES;
				SDKROOT = iphoneos;
				SWIFT_ACTIVE_COMPILATION_CONDITIONS = DEBUG;
				SWIFT_OPTIMIZATION_LEVEL = "-Onone";
			};
			name = Debug;
		};
		E242E08D22743EBE00C28204 /* Release */ = {
			isa = XCBuildConfiguration;
			buildSettings = {
				ALWAYS_SEARCH_USER_PATHS = NO;
				CLANG_ANALYZER_NONNULL = YES;
				CLANG_ANALYZER_NUMBER_OBJECT_CONVERSION = YES_AGGRESSIVE;
				CLANG_CXX_LANGUAGE_STANDARD = "gnu++14";
				CLANG_CXX_LIBRARY = "libc++";
				CLANG_ENABLE_MODULES = YES;
				CLANG_ENABLE_OBJC_ARC = YES;
				CLANG_ENABLE_OBJC_WEAK = YES;
				CLANG_WARN_BLOCK_CAPTURE_AUTORELEASING = YES;
				CLANG_WARN_BOOL_CONVERSION = YES;
				CLANG_WARN_COMMA = YES;
				CLANG_WARN_CONSTANT_CONVERSION = YES;
				CLANG_WARN_DEPRECATED_OBJC_IMPLEMENTATIONS = YES;
				CLANG_WARN_DIRECT_OBJC_ISA_USAGE = YES_ERROR;
				CLANG_WARN_DOCUMENTATION_COMMENTS = YES;
				CLANG_WARN_EMPTY_BODY = YES;
				CLANG_WARN_ENUM_CONVERSION = YES;
				CLANG_WARN_INFINITE_RECURSION = YES;
				CLANG_WARN_INT_CONVERSION = YES;
				CLANG_WARN_NON_LITERAL_NULL_CONVERSION = YES;
				CLANG_WARN_OBJC_IMPLICIT_RETAIN_SELF = YES;
				CLANG_WARN_OBJC_LITERAL_CONVERSION = YES;
				CLANG_WARN_OBJC_ROOT_CLASS = YES_ERROR;
				CLANG_WARN_RANGE_LOOP_ANALYSIS = YES;
				CLANG_WARN_STRICT_PROTOTYPES = YES;
				CLANG_WARN_SUSPICIOUS_MOVE = YES;
				CLANG_WARN_UNGUARDED_AVAILABILITY = YES_AGGRESSIVE;
				CLANG_WARN_UNREACHABLE_CODE = YES;
				CLANG_WARN__DUPLICATE_METHOD_MATCH = YES;
				COPY_PHASE_STRIP = NO;
				DEBUG_INFORMATION_FORMAT = "dwarf-with-dsym";
				DEVELOPMENT_TEAM = P8P5CESA8A;
				ENABLE_NS_ASSERTIONS = NO;
				ENABLE_STRICT_OBJC_MSGSEND = YES;
				GCC_C_LANGUAGE_STANDARD = gnu11;
				GCC_NO_COMMON_BLOCKS = YES;
				GCC_WARN_64_TO_32_BIT_CONVERSION = YES;
				GCC_WARN_ABOUT_RETURN_TYPE = YES_ERROR;
				GCC_WARN_UNDECLARED_SELECTOR = YES;
				GCC_WARN_UNINITIALIZED_AUTOS = YES_AGGRESSIVE;
				GCC_WARN_UNUSED_FUNCTION = YES;
				GCC_WARN_UNUSED_VARIABLE = YES;
				IPHONEOS_DEPLOYMENT_TARGET = 11.4;
				MTL_ENABLE_DEBUG_INFO = NO;
				MTL_FAST_MATH = YES;
				SDKROOT = iphoneos;
				SWIFT_COMPILATION_MODE = wholemodule;
				SWIFT_OPTIMIZATION_LEVEL = "-O";
				VALIDATE_PRODUCT = YES;
			};
			name = Release;
		};
		E242E08F22743EBE00C28204 /* Debug */ = {
			isa = XCBuildConfiguration;
			baseConfigurationReference = 3B9F67A6EB5355FCE8FE13D3 /* Pods-ScrumPoker.debug.xcconfig */;
			buildSettings = {
				ASSETCATALOG_COMPILER_APPICON_NAME = AppIcon;
				BUNDLE_DISPLAY_NAME = "Scrum Poker";
				INFOPLIST_FILE = ScrumPoker/Info.plist;
				LD_RUNPATH_SEARCH_PATHS = (
					"$(inherited)",
					"@executable_path/Frameworks",
				);
				PRODUCT_BUNDLE_IDENTIFIER = io.rgkobashi.scrumpoker;
				PRODUCT_NAME = "$(TARGET_NAME)";
				PROVISIONING_PROFILE_SPECIFIER = "io.rgkobashi.scrumpoker - Development";
				SWIFT_VERSION = 5.0;
				TARGETED_DEVICE_FAMILY = 1;
			};
			name = Debug;
		};
		E242E09022743EBE00C28204 /* Release */ = {
			isa = XCBuildConfiguration;
			baseConfigurationReference = 30346FFCE57F983C633DF77C /* Pods-ScrumPoker.release.xcconfig */;
			buildSettings = {
				ASSETCATALOG_COMPILER_APPICON_NAME = AppIcon;
				BUNDLE_DISPLAY_NAME = "Scrum Poker";
				INFOPLIST_FILE = ScrumPoker/Info.plist;
				LD_RUNPATH_SEARCH_PATHS = (
					"$(inherited)",
					"@executable_path/Frameworks",
				);
				PRODUCT_BUNDLE_IDENTIFIER = io.rgkobashi.scrumpoker;
				PRODUCT_NAME = "$(TARGET_NAME)";
				SWIFT_VERSION = 5.0;
				TARGETED_DEVICE_FAMILY = 1;
			};
			name = Release;
		};
		E242E09222743EBE00C28204 /* Debug */ = {
			isa = XCBuildConfiguration;
			baseConfigurationReference = 229C509B6A68785E5E2DC75C /* Pods-ScrumPokerTests.debug.xcconfig */;
			buildSettings = {
				ALWAYS_EMBED_SWIFT_STANDARD_LIBRARIES = YES;
				BUNDLE_LOADER = "$(TEST_HOST)";
				INFOPLIST_FILE = ScrumPokerTests/Info.plist;
				LD_RUNPATH_SEARCH_PATHS = (
					"$(inherited)",
					"@executable_path/Frameworks",
					"@loader_path/Frameworks",
				);
				PRODUCT_BUNDLE_IDENTIFIER = io.rgkobashi.scrumpokerTests;
				PRODUCT_NAME = "$(TARGET_NAME)";
				SWIFT_VERSION = 5.0;
				TARGETED_DEVICE_FAMILY = "1,2";
				TEST_HOST = "$(BUILT_PRODUCTS_DIR)/ScrumPoker.app/ScrumPoker";
			};
			name = Debug;
		};
		E242E09322743EBE00C28204 /* Release */ = {
			isa = XCBuildConfiguration;
			baseConfigurationReference = FD7A2E68FE585A19D4B94530 /* Pods-ScrumPokerTests.release.xcconfig */;
			buildSettings = {
				ALWAYS_EMBED_SWIFT_STANDARD_LIBRARIES = YES;
				BUNDLE_LOADER = "$(TEST_HOST)";
				INFOPLIST_FILE = ScrumPokerTests/Info.plist;
				LD_RUNPATH_SEARCH_PATHS = (
					"$(inherited)",
					"@executable_path/Frameworks",
					"@loader_path/Frameworks",
				);
				PRODUCT_BUNDLE_IDENTIFIER = io.rgkobashi.scrumpokerTests;
				PRODUCT_NAME = "$(TARGET_NAME)";
				SWIFT_VERSION = 5.0;
				TARGETED_DEVICE_FAMILY = "1,2";
				TEST_HOST = "$(BUILT_PRODUCTS_DIR)/ScrumPoker.app/ScrumPoker";
			};
			name = Release;
		};
		E242E09522743EBE00C28204 /* Debug */ = {
			isa = XCBuildConfiguration;
			baseConfigurationReference = 80E89707AECA3BF1647A5934 /* Pods-ScrumPokerUITests.debug.xcconfig */;
			buildSettings = {
				ALWAYS_EMBED_SWIFT_STANDARD_LIBRARIES = YES;
				INFOPLIST_FILE = ScrumPokerUITests/Info.plist;
				LD_RUNPATH_SEARCH_PATHS = (
					"$(inherited)",
					"@executable_path/Frameworks",
					"@loader_path/Frameworks",
				);
				PRODUCT_BUNDLE_IDENTIFIER = io.rgkobashi.scrumpokerUITests;
				PRODUCT_NAME = "$(TARGET_NAME)";
				SWIFT_VERSION = 5.0;
				TARGETED_DEVICE_FAMILY = "1,2";
				TEST_TARGET_NAME = ScrumPoker;
			};
			name = Debug;
		};
		E242E09622743EBE00C28204 /* Release */ = {
			isa = XCBuildConfiguration;
			baseConfigurationReference = ECF1E10B6583DB307DFA4D9B /* Pods-ScrumPokerUITests.release.xcconfig */;
			buildSettings = {
				ALWAYS_EMBED_SWIFT_STANDARD_LIBRARIES = YES;
				INFOPLIST_FILE = ScrumPokerUITests/Info.plist;
				LD_RUNPATH_SEARCH_PATHS = (
					"$(inherited)",
					"@executable_path/Frameworks",
					"@loader_path/Frameworks",
				);
				PRODUCT_BUNDLE_IDENTIFIER = io.rgkobashi.scrumpokerUITests;
				PRODUCT_NAME = "$(TARGET_NAME)";
				SWIFT_VERSION = 5.0;
				TARGETED_DEVICE_FAMILY = "1,2";
				TEST_TARGET_NAME = ScrumPoker;
			};
			name = Release;
		};
/* End XCBuildConfiguration section */

/* Begin XCConfigurationList section */
		E242E06122743EBC00C28204 /* Build configuration list for PBXProject "ScrumPoker" */ = {
			isa = XCConfigurationList;
			buildConfigurations = (
				E242E08C22743EBE00C28204 /* Debug */,
				E242E08D22743EBE00C28204 /* Release */,
			);
			defaultConfigurationIsVisible = 0;
			defaultConfigurationName = Release;
		};
		E242E08E22743EBE00C28204 /* Build configuration list for PBXNativeTarget "ScrumPoker" */ = {
			isa = XCConfigurationList;
			buildConfigurations = (
				E242E08F22743EBE00C28204 /* Debug */,
				E242E09022743EBE00C28204 /* Release */,
			);
			defaultConfigurationIsVisible = 0;
			defaultConfigurationName = Release;
		};
		E242E09122743EBE00C28204 /* Build configuration list for PBXNativeTarget "ScrumPokerTests" */ = {
			isa = XCConfigurationList;
			buildConfigurations = (
				E242E09222743EBE00C28204 /* Debug */,
				E242E09322743EBE00C28204 /* Release */,
			);
			defaultConfigurationIsVisible = 0;
			defaultConfigurationName = Release;
		};
		E242E09422743EBE00C28204 /* Build configuration list for PBXNativeTarget "ScrumPokerUITests" */ = {
			isa = XCConfigurationList;
			buildConfigurations = (
				E242E09522743EBE00C28204 /* Debug */,
				E242E09622743EBE00C28204 /* Release */,
			);
			defaultConfigurationIsVisible = 0;
			defaultConfigurationName = Release;
		};
/* End XCConfigurationList section */
	};
	rootObject = E242E05E22743EBC00C28204 /* Project object */;
}
